// !$*UTF8*$!
{
	archiveVersion = 1;
	classes = {
	};
	objectVersion = 46;
	objects = {

/* Begin PBXBuildFile section */
		9AD59F4F1679489A00F3BABF /* UIKit.framework in Frameworks */ = {isa = PBXBuildFile; fileRef = 9AD59F4E1679489900F3BABF /* UIKit.framework */; };
		9AD59F511679489A00F3BABF /* Foundation.framework in Frameworks */ = {isa = PBXBuildFile; fileRef = 9AD59F501679489A00F3BABF /* Foundation.framework */; };
		9AD59F531679489A00F3BABF /* CoreGraphics.framework in Frameworks */ = {isa = PBXBuildFile; fileRef = 9AD59F521679489A00F3BABF /* CoreGraphics.framework */; };
		9AD59F551679489A00F3BABF /* CoreData.framework in Frameworks */ = {isa = PBXBuildFile; fileRef = 9AD59F541679489A00F3BABF /* CoreData.framework */; };
		9AD59F5B1679489A00F3BABF /* InfoPlist.strings in Resources */ = {isa = PBXBuildFile; fileRef = 9AD59F591679489A00F3BABF /* InfoPlist.strings */; };
		9AD59F5D1679489A00F3BABF /* main.m in Sources */ = {isa = PBXBuildFile; fileRef = 9AD59F5C1679489A00F3BABF /* main.m */; };
		9AD59F611679489A00F3BABF /* AppDelegate.m in Sources */ = {isa = PBXBuildFile; fileRef = 9AD59F601679489A00F3BABF /* AppDelegate.m */; };
		9AD59F631679489A00F3BABF /* Default.png in Resources */ = {isa = PBXBuildFile; fileRef = 9AD59F621679489A00F3BABF /* Default.png */; };
		9AD59F651679489A00F3BABF /* Default@2x.png in Resources */ = {isa = PBXBuildFile; fileRef = 9AD59F641679489A00F3BABF /* Default@2x.png */; };
		9AD59F671679489A00F3BABF /* Default-568h@2x.png in Resources */ = {isa = PBXBuildFile; fileRef = 9AD59F661679489A00F3BABF /* Default-568h@2x.png */; };
		9AD59F6A1679489A00F3BABF /* ClassOrganizer.xcdatamodeld in Sources */ = {isa = PBXBuildFile; fileRef = 9AD59F681679489A00F3BABF /* ClassOrganizer.xcdatamodeld */; };
		9AD59F721679489A00F3BABF /* SenTestingKit.framework in Frameworks */ = {isa = PBXBuildFile; fileRef = 9AD59F711679489A00F3BABF /* SenTestingKit.framework */; };
		9AD59F731679489A00F3BABF /* UIKit.framework in Frameworks */ = {isa = PBXBuildFile; fileRef = 9AD59F4E1679489900F3BABF /* UIKit.framework */; };
		9AD59F741679489A00F3BABF /* Foundation.framework in Frameworks */ = {isa = PBXBuildFile; fileRef = 9AD59F501679489A00F3BABF /* Foundation.framework */; };
		9AD59F751679489A00F3BABF /* CoreData.framework in Frameworks */ = {isa = PBXBuildFile; fileRef = 9AD59F541679489A00F3BABF /* CoreData.framework */; };
		9AD59F7D1679489A00F3BABF /* InfoPlist.strings in Resources */ = {isa = PBXBuildFile; fileRef = 9AD59F7B1679489A00F3BABF /* InfoPlist.strings */; };
		9AD59F801679489A00F3BABF /* ClassOrganizerTests.m in Sources */ = {isa = PBXBuildFile; fileRef = 9AD59F7F1679489A00F3BABF /* ClassOrganizerTests.m */; };
		9AD59F9016794AF900F3BABF /* ClassListController.m in Sources */ = {isa = PBXBuildFile; fileRef = 9AD59F8E16794AF900F3BABF /* ClassListController.m */; };
		9AD59F9116794AF900F3BABF /* ClassListController.xib in Resources */ = {isa = PBXBuildFile; fileRef = 9AD59F8F16794AF900F3BABF /* ClassListController.xib */; };
		9AD59F951679817000F3BABF /* ClassViewController.m in Sources */ = {isa = PBXBuildFile; fileRef = 9AD59F931679817000F3BABF /* ClassViewController.m */; };
		9AD59F961679817000F3BABF /* ClassViewController.xib in Resources */ = {isa = PBXBuildFile; fileRef = 9AD59F941679817000F3BABF /* ClassViewController.xib */; };
		9AD59F9C16798AD300F3BABF /* COClass.m in Sources */ = {isa = PBXBuildFile; fileRef = 9AD59F9B16798AD300F3BABF /* COClass.m */; };
		9AD59F9F167AAD6700F3BABF /* CODB.m in Sources */ = {isa = PBXBuildFile; fileRef = 9AD59F9E167AAD6700F3BABF /* CODB.m */; };
		9AD59FA2167BC34200F3BABF /* COSyllabus.m in Sources */ = {isa = PBXBuildFile; fileRef = 9AD59FA1167BC34200F3BABF /* COSyllabus.m */; };
/* End PBXBuildFile section */

/* Begin PBXContainerItemProxy section */
		9AD59F761679489A00F3BABF /* PBXContainerItemProxy */ = {
			isa = PBXContainerItemProxy;
			containerPortal = 9AD59F411679489900F3BABF /* Project object */;
			proxyType = 1;
			remoteGlobalIDString = 9AD59F491679489900F3BABF;
			remoteInfo = ClassOrganizer;
		};
/* End PBXContainerItemProxy section */

/* Begin PBXFileReference section */
		9AD59F4A1679489900F3BABF /* ClassOrganizer.app */ = {isa = PBXFileReference; explicitFileType = wrapper.application; includeInIndex = 0; path = ClassOrganizer.app; sourceTree = BUILT_PRODUCTS_DIR; };
		9AD59F4E1679489900F3BABF /* UIKit.framework */ = {isa = PBXFileReference; lastKnownFileType = wrapper.framework; name = UIKit.framework; path = System/Library/Frameworks/UIKit.framework; sourceTree = SDKROOT; };
		9AD59F501679489A00F3BABF /* Foundation.framework */ = {isa = PBXFileReference; lastKnownFileType = wrapper.framework; name = Foundation.framework; path = System/Library/Frameworks/Foundation.framework; sourceTree = SDKROOT; };
		9AD59F521679489A00F3BABF /* CoreGraphics.framework */ = {isa = PBXFileReference; lastKnownFileType = wrapper.framework; name = CoreGraphics.framework; path = System/Library/Frameworks/CoreGraphics.framework; sourceTree = SDKROOT; };
		9AD59F541679489A00F3BABF /* CoreData.framework */ = {isa = PBXFileReference; lastKnownFileType = wrapper.framework; name = CoreData.framework; path = System/Library/Frameworks/CoreData.framework; sourceTree = SDKROOT; };
		9AD59F581679489A00F3BABF /* ClassOrganizer-Info.plist */ = {isa = PBXFileReference; lastKnownFileType = text.plist.xml; path = "ClassOrganizer-Info.plist"; sourceTree = "<group>"; };
		9AD59F5A1679489A00F3BABF /* en */ = {isa = PBXFileReference; lastKnownFileType = text.plist.strings; name = en; path = en.lproj/InfoPlist.strings; sourceTree = "<group>"; };
		9AD59F5C1679489A00F3BABF /* main.m */ = {isa = PBXFileReference; lastKnownFileType = sourcecode.c.objc; path = main.m; sourceTree = "<group>"; };
		9AD59F5E1679489A00F3BABF /* ClassOrganizer-Prefix.pch */ = {isa = PBXFileReference; lastKnownFileType = sourcecode.c.h; path = "ClassOrganizer-Prefix.pch"; sourceTree = "<group>"; };
		9AD59F5F1679489A00F3BABF /* AppDelegate.h */ = {isa = PBXFileReference; lastKnownFileType = sourcecode.c.h; path = AppDelegate.h; sourceTree = "<group>"; };
		9AD59F601679489A00F3BABF /* AppDelegate.m */ = {isa = PBXFileReference; lastKnownFileType = sourcecode.c.objc; path = AppDelegate.m; sourceTree = "<group>"; };
		9AD59F621679489A00F3BABF /* Default.png */ = {isa = PBXFileReference; lastKnownFileType = image.png; path = Default.png; sourceTree = "<group>"; };
		9AD59F641679489A00F3BABF /* Default@2x.png */ = {isa = PBXFileReference; lastKnownFileType = image.png; path = "Default@2x.png"; sourceTree = "<group>"; };
		9AD59F661679489A00F3BABF /* Default-568h@2x.png */ = {isa = PBXFileReference; lastKnownFileType = image.png; path = "Default-568h@2x.png"; sourceTree = "<group>"; };
		9AD59F691679489A00F3BABF /* ClassOrganizer.xcdatamodel */ = {isa = PBXFileReference; lastKnownFileType = wrapper.xcdatamodel; path = ClassOrganizer.xcdatamodel; sourceTree = "<group>"; };
		9AD59F701679489A00F3BABF /* ClassOrganizerTests.octest */ = {isa = PBXFileReference; explicitFileType = wrapper.cfbundle; includeInIndex = 0; path = ClassOrganizerTests.octest; sourceTree = BUILT_PRODUCTS_DIR; };
		9AD59F711679489A00F3BABF /* SenTestingKit.framework */ = {isa = PBXFileReference; lastKnownFileType = wrapper.framework; name = SenTestingKit.framework; path = Library/Frameworks/SenTestingKit.framework; sourceTree = DEVELOPER_DIR; };
		9AD59F7A1679489A00F3BABF /* ClassOrganizerTests-Info.plist */ = {isa = PBXFileReference; lastKnownFileType = text.plist.xml; path = "ClassOrganizerTests-Info.plist"; sourceTree = "<group>"; };
		9AD59F7C1679489A00F3BABF /* en */ = {isa = PBXFileReference; lastKnownFileType = text.plist.strings; name = en; path = en.lproj/InfoPlist.strings; sourceTree = "<group>"; };
		9AD59F7E1679489A00F3BABF /* ClassOrganizerTests.h */ = {isa = PBXFileReference; lastKnownFileType = sourcecode.c.h; path = ClassOrganizerTests.h; sourceTree = "<group>"; };
		9AD59F7F1679489A00F3BABF /* ClassOrganizerTests.m */ = {isa = PBXFileReference; lastKnownFileType = sourcecode.c.objc; path = ClassOrganizerTests.m; sourceTree = "<group>"; };
		9AD59F8D16794AF900F3BABF /* ClassListController.h */ = {isa = PBXFileReference; fileEncoding = 4; lastKnownFileType = sourcecode.c.h; path = ClassListController.h; sourceTree = "<group>"; };
		9AD59F8E16794AF900F3BABF /* ClassListController.m */ = {isa = PBXFileReference; fileEncoding = 4; lastKnownFileType = sourcecode.c.objc; path = ClassListController.m; sourceTree = "<group>"; };
		9AD59F8F16794AF900F3BABF /* ClassListController.xib */ = {isa = PBXFileReference; fileEncoding = 4; lastKnownFileType = file.xib; path = ClassListController.xib; sourceTree = "<group>"; };
		9AD59F921679817000F3BABF /* ClassViewController.h */ = {isa = PBXFileReference; fileEncoding = 4; lastKnownFileType = sourcecode.c.h; path = ClassViewController.h; sourceTree = "<group>"; };
		9AD59F931679817000F3BABF /* ClassViewController.m */ = {isa = PBXFileReference; fileEncoding = 4; lastKnownFileType = sourcecode.c.objc; path = ClassViewController.m; sourceTree = "<group>"; };
		9AD59F941679817000F3BABF /* ClassViewController.xib */ = {isa = PBXFileReference; fileEncoding = 4; lastKnownFileType = file.xib; path = ClassViewController.xib; sourceTree = "<group>"; };
		9AD59F9A16798AD300F3BABF /* COClass.h */ = {isa = PBXFileReference; fileEncoding = 4; lastKnownFileType = sourcecode.c.h; path = COClass.h; sourceTree = "<group>"; };
		9AD59F9B16798AD300F3BABF /* COClass.m */ = {isa = PBXFileReference; fileEncoding = 4; lastKnownFileType = sourcecode.c.objc; path = COClass.m; sourceTree = "<group>"; };
		9AD59F9D167AAD6700F3BABF /* CODB.h */ = {isa = PBXFileReference; fileEncoding = 4; lastKnownFileType = sourcecode.c.h; path = CODB.h; sourceTree = "<group>"; };
		9AD59F9E167AAD6700F3BABF /* CODB.m */ = {isa = PBXFileReference; fileEncoding = 4; lastKnownFileType = sourcecode.c.objc; path = CODB.m; sourceTree = "<group>"; };
		9AD59FA0167BC34200F3BABF /* COSyllabus.h */ = {isa = PBXFileReference; fileEncoding = 4; lastKnownFileType = sourcecode.c.h; path = COSyllabus.h; sourceTree = "<group>"; };
		9AD59FA1167BC34200F3BABF /* COSyllabus.m */ = {isa = PBXFileReference; fileEncoding = 4; lastKnownFileType = sourcecode.c.objc; path = COSyllabus.m; sourceTree = "<group>"; };
/* End PBXFileReference section */

/* Begin PBXFrameworksBuildPhase section */
		9AD59F471679489900F3BABF /* Frameworks */ = {
			isa = PBXFrameworksBuildPhase;
			buildActionMask = 2147483647;
			files = (
				9AD59F4F1679489A00F3BABF /* UIKit.framework in Frameworks */,
				9AD59F511679489A00F3BABF /* Foundation.framework in Frameworks */,
				9AD59F531679489A00F3BABF /* CoreGraphics.framework in Frameworks */,
				9AD59F551679489A00F3BABF /* CoreData.framework in Frameworks */,
			);
			runOnlyForDeploymentPostprocessing = 0;
		};
		9AD59F6C1679489A00F3BABF /* Frameworks */ = {
			isa = PBXFrameworksBuildPhase;
			buildActionMask = 2147483647;
			files = (
				9AD59F721679489A00F3BABF /* SenTestingKit.framework in Frameworks */,
				9AD59F731679489A00F3BABF /* UIKit.framework in Frameworks */,
				9AD59F741679489A00F3BABF /* Foundation.framework in Frameworks */,
				9AD59F751679489A00F3BABF /* CoreData.framework in Frameworks */,
			);
			runOnlyForDeploymentPostprocessing = 0;
		};
/* End PBXFrameworksBuildPhase section */

/* Begin PBXGroup section */
		9AD59F3F1679489900F3BABF = {
			isa = PBXGroup;
			children = (
				9AD59F561679489A00F3BABF /* ClassOrganizer */,
				9AD59F781679489A00F3BABF /* ClassOrganizerTests */,
				9AD59F4D1679489900F3BABF /* Frameworks */,
				9AD59F4B1679489900F3BABF /* Products */,
			);
			sourceTree = "<group>";
		};
		9AD59F4B1679489900F3BABF /* Products */ = {
			isa = PBXGroup;
			children = (
				9AD59F4A1679489900F3BABF /* ClassOrganizer.app */,
				9AD59F701679489A00F3BABF /* ClassOrganizerTests.octest */,
			);
			name = Products;
			sourceTree = "<group>";
		};
		9AD59F4D1679489900F3BABF /* Frameworks */ = {
			isa = PBXGroup;
			children = (
				9AD59F4E1679489900F3BABF /* UIKit.framework */,
				9AD59F501679489A00F3BABF /* Foundation.framework */,
				9AD59F521679489A00F3BABF /* CoreGraphics.framework */,
				9AD59F541679489A00F3BABF /* CoreData.framework */,
				9AD59F711679489A00F3BABF /* SenTestingKit.framework */,
			);
			name = Frameworks;
			sourceTree = "<group>";
		};
		9AD59F561679489A00F3BABF /* ClassOrganizer */ = {
			isa = PBXGroup;
			children = (
				9AD59F8C1679495400F3BABF /* ViewControllers */,
				9AD59F8B1679494700F3BABF /* Models */,
				9AD59F5F1679489A00F3BABF /* AppDelegate.h */,
				9AD59F601679489A00F3BABF /* AppDelegate.m */,
				9AD59F891679492F00F3BABF /* Views */,
				9AD59F681679489A00F3BABF /* ClassOrganizer.xcdatamodeld */,
				9AD59F571679489A00F3BABF /* Supporting Files */,
				9AD59F9D167AAD6700F3BABF /* CODB.h */,
				9AD59F9E167AAD6700F3BABF /* CODB.m */,
			);
			path = ClassOrganizer;
			sourceTree = "<group>";
		};
		9AD59F571679489A00F3BABF /* Supporting Files */ = {
			isa = PBXGroup;
			children = (
				9AD59F581679489A00F3BABF /* ClassOrganizer-Info.plist */,
				9AD59F591679489A00F3BABF /* InfoPlist.strings */,
				9AD59F5C1679489A00F3BABF /* main.m */,
				9AD59F5E1679489A00F3BABF /* ClassOrganizer-Prefix.pch */,
				9AD59F621679489A00F3BABF /* Default.png */,
				9AD59F641679489A00F3BABF /* Default@2x.png */,
				9AD59F661679489A00F3BABF /* Default-568h@2x.png */,
			);
			name = "Supporting Files";
			sourceTree = "<group>";
		};
		9AD59F781679489A00F3BABF /* ClassOrganizerTests */ = {
			isa = PBXGroup;
			children = (
				9AD59F7E1679489A00F3BABF /* ClassOrganizerTests.h */,
				9AD59F7F1679489A00F3BABF /* ClassOrganizerTests.m */,
				9AD59F791679489A00F3BABF /* Supporting Files */,
			);
			path = ClassOrganizerTests;
			sourceTree = "<group>";
		};
		9AD59F791679489A00F3BABF /* Supporting Files */ = {
			isa = PBXGroup;
			children = (
				9AD59F7A1679489A00F3BABF /* ClassOrganizerTests-Info.plist */,
				9AD59F7B1679489A00F3BABF /* InfoPlist.strings */,
			);
			name = "Supporting Files";
			sourceTree = "<group>";
		};
		9AD59F891679492F00F3BABF /* Views */ = {
			isa = PBXGroup;
			children = (
			);
			name = Views;
			sourceTree = "<group>";
		};
		9AD59F8B1679494700F3BABF /* Models */ = {
			isa = PBXGroup;
			children = (
				9AD59F9A16798AD300F3BABF /* COClass.h */,
				9AD59F9B16798AD300F3BABF /* COClass.m */,
				9AD59FA0167BC34200F3BABF /* COSyllabus.h */,
				9AD59FA1167BC34200F3BABF /* COSyllabus.m */,
			);
			name = Models;
			sourceTree = "<group>";
		};
		9AD59F8C1679495400F3BABF /* ViewControllers */ = {
			isa = PBXGroup;
			children = (
				9AD59F8D16794AF900F3BABF /* ClassListController.h */,
				9AD59F8E16794AF900F3BABF /* ClassListController.m */,
				9AD59F8F16794AF900F3BABF /* ClassListController.xib */,
				9AD59F921679817000F3BABF /* ClassViewController.h */,
				9AD59F931679817000F3BABF /* ClassViewController.m */,
				9AD59F941679817000F3BABF /* ClassViewController.xib */,
			);
			name = ViewControllers;
			sourceTree = "<group>";
		};
/* End PBXGroup section */

/* Begin PBXNativeTarget section */
		9AD59F491679489900F3BABF /* ClassOrganizer */ = {
			isa = PBXNativeTarget;
			buildConfigurationList = 9AD59F831679489A00F3BABF /* Build configuration list for PBXNativeTarget "ClassOrganizer" */;
			buildPhases = (
				9AD59F461679489900F3BABF /* Sources */,
				9AD59F471679489900F3BABF /* Frameworks */,
				9AD59F481679489900F3BABF /* Resources */,
			);
			buildRules = (
			);
			dependencies = (
			);
			name = ClassOrganizer;
			productName = ClassOrganizer;
			productReference = 9AD59F4A1679489900F3BABF /* ClassOrganizer.app */;
			productType = "com.apple.product-type.application";
		};
		9AD59F6F1679489A00F3BABF /* ClassOrganizerTests */ = {
			isa = PBXNativeTarget;
			buildConfigurationList = 9AD59F861679489A00F3BABF /* Build configuration list for PBXNativeTarget "ClassOrganizerTests" */;
			buildPhases = (
				9AD59F6B1679489A00F3BABF /* Sources */,
				9AD59F6C1679489A00F3BABF /* Frameworks */,
				9AD59F6D1679489A00F3BABF /* Resources */,
				9AD59F6E1679489A00F3BABF /* ShellScript */,
			);
			buildRules = (
			);
			dependencies = (
				9AD59F771679489A00F3BABF /* PBXTargetDependency */,
			);
			name = ClassOrganizerTests;
			productName = ClassOrganizerTests;
			productReference = 9AD59F701679489A00F3BABF /* ClassOrganizerTests.octest */;
			productType = "com.apple.product-type.bundle";
		};
/* End PBXNativeTarget section */

/* Begin PBXProject section */
		9AD59F411679489900F3BABF /* Project object */ = {
			isa = PBXProject;
			attributes = {
				LastUpgradeCheck = 0450;
				ORGANIZATIONNAME = "Kyle Vermeer";
			};
			buildConfigurationList = 9AD59F441679489900F3BABF /* Build configuration list for PBXProject "ClassOrganizer" */;
			compatibilityVersion = "Xcode 3.2";
			developmentRegion = English;
			hasScannedForEncodings = 0;
			knownRegions = (
				en,
			);
			mainGroup = 9AD59F3F1679489900F3BABF;
			productRefGroup = 9AD59F4B1679489900F3BABF /* Products */;
			projectDirPath = "";
			projectRoot = "";
			targets = (
				9AD59F491679489900F3BABF /* ClassOrganizer */,
				9AD59F6F1679489A00F3BABF /* ClassOrganizerTests */,
			);
		};
/* End PBXProject section */

/* Begin PBXResourcesBuildPhase section */
		9AD59F481679489900F3BABF /* Resources */ = {
			isa = PBXResourcesBuildPhase;
			buildActionMask = 2147483647;
			files = (
				9AD59F5B1679489A00F3BABF /* InfoPlist.strings in Resources */,
				9AD59F631679489A00F3BABF /* Default.png in Resources */,
				9AD59F651679489A00F3BABF /* Default@2x.png in Resources */,
				9AD59F671679489A00F3BABF /* Default-568h@2x.png in Resources */,
				9AD59F9116794AF900F3BABF /* ClassListController.xib in Resources */,
				9AD59F961679817000F3BABF /* ClassViewController.xib in Resources */,
			);
			runOnlyForDeploymentPostprocessing = 0;
		};
		9AD59F6D1679489A00F3BABF /* Resources */ = {
			isa = PBXResourcesBuildPhase;
			buildActionMask = 2147483647;
			files = (
				9AD59F7D1679489A00F3BABF /* InfoPlist.strings in Resources */,
			);
			runOnlyForDeploymentPostprocessing = 0;
		};
/* End PBXResourcesBuildPhase section */

/* Begin PBXShellScriptBuildPhase section */
		9AD59F6E1679489A00F3BABF /* ShellScript */ = {
			isa = PBXShellScriptBuildPhase;
			buildActionMask = 2147483647;
			files = (
			);
			inputPaths = (
			);
			outputPaths = (
			);
			runOnlyForDeploymentPostprocessing = 0;
			shellPath = /bin/sh;
			shellScript = "# Run the unit tests in this test bundle.\n\"${SYSTEM_DEVELOPER_DIR}/Tools/RunUnitTests\"\n";
		};
/* End PBXShellScriptBuildPhase section */

/* Begin PBXSourcesBuildPhase section */
		9AD59F461679489900F3BABF /* Sources */ = {
			isa = PBXSourcesBuildPhase;
			buildActionMask = 2147483647;
			files = (
				9AD59F5D1679489A00F3BABF /* main.m in Sources */,
				9AD59F611679489A00F3BABF /* AppDelegate.m in Sources */,
				9AD59F6A1679489A00F3BABF /* ClassOrganizer.xcdatamodeld in Sources */,
				9AD59F9016794AF900F3BABF /* ClassListController.m in Sources */,
				9AD59F951679817000F3BABF /* ClassViewController.m in Sources */,
				9AD59F9C16798AD300F3BABF /* COClass.m in Sources */,
				9AD59F9F167AAD6700F3BABF /* CODB.m in Sources */,
				9AD59FA2167BC34200F3BABF /* COSyllabus.m in Sources */,
			);
			runOnlyForDeploymentPostprocessing = 0;
		};
		9AD59F6B1679489A00F3BABF /* Sources */ = {
			isa = PBXSourcesBuildPhase;
			buildActionMask = 2147483647;
			files = (
				9AD59F801679489A00F3BABF /* ClassOrganizerTests.m in Sources */,
			);
			runOnlyForDeploymentPostprocessing = 0;
		};
/* End PBXSourcesBuildPhase section */

/* Begin PBXTargetDependency section */
		9AD59F771679489A00F3BABF /* PBXTargetDependency */ = {
			isa = PBXTargetDependency;
			target = 9AD59F491679489900F3BABF /* ClassOrganizer */;
			targetProxy = 9AD59F761679489A00F3BABF /* PBXContainerItemProxy */;
		};
/* End PBXTargetDependency section */

/* Begin PBXVariantGroup section */
		9AD59F591679489A00F3BABF /* InfoPlist.strings */ = {
			isa = PBXVariantGroup;
			children = (
				9AD59F5A1679489A00F3BABF /* en */,
			);
			name = InfoPlist.strings;
			sourceTree = "<group>";
		};
		9AD59F7B1679489A00F3BABF /* InfoPlist.strings */ = {
			isa = PBXVariantGroup;
			children = (
				9AD59F7C1679489A00F3BABF /* en */,
			);
			name = InfoPlist.strings;
			sourceTree = "<group>";
		};
/* End PBXVariantGroup section */

/* Begin XCBuildConfiguration section */
		9AD59F811679489A00F3BABF /* Debug */ = {
			isa = XCBuildConfiguration;
			buildSettings = {
				ALWAYS_SEARCH_USER_PATHS = NO;
				CLANG_CXX_LANGUAGE_STANDARD = "gnu++0x";
				CLANG_CXX_LIBRARY = "libc++";
				CLANG_ENABLE_OBJC_ARC = YES;
				CLANG_WARN_EMPTY_BODY = YES;
				CLANG_WARN__DUPLICATE_METHOD_MATCH = YES;
				"CODE_SIGN_IDENTITY[sdk=iphoneos*]" = "iPhone Developer";
				COPY_PHASE_STRIP = NO;
				GCC_C_LANGUAGE_STANDARD = gnu99;
				GCC_DYNAMIC_NO_PIC = NO;
				GCC_OPTIMIZATION_LEVEL = 0;
				GCC_PREPROCESSOR_DEFINITIONS = (
					"DEBUG=1",
					"$(inherited)",
				);
				GCC_SYMBOLS_PRIVATE_EXTERN = NO;
				GCC_WARN_ABOUT_RETURN_TYPE = YES;
				GCC_WARN_UNINITIALIZED_AUTOS = YES;
				GCC_WARN_UNUSED_VARIABLE = YES;
				IPHONEOS_DEPLOYMENT_TARGET = 6.0;
				ONLY_ACTIVE_ARCH = YES;
				SDKROOT = iphoneos;
			};
			name = Debug;
		};
		9AD59F821679489A00F3BABF /* Release */ = {
			isa = XCBuildConfiguration;
			buildSettings = {
				ALWAYS_SEARCH_USER_PATHS = NO;
				CLANG_CXX_LANGUAGE_STANDARD = "gnu++0x";
				CLANG_CXX_LIBRARY = "libc++";
				CLANG_ENABLE_OBJC_ARC = YES;
				CLANG_WARN_EMPTY_BODY = YES;
				CLANG_WARN__DUPLICATE_METHOD_MATCH = YES;
				"CODE_SIGN_IDENTITY[sdk=iphoneos*]" = "iPhone Developer";
				COPY_PHASE_STRIP = YES;
				GCC_C_LANGUAGE_STANDARD = gnu99;
				GCC_WARN_ABOUT_RETURN_TYPE = YES;
				GCC_WARN_UNINITIALIZED_AUTOS = YES;
				GCC_WARN_UNUSED_VARIABLE = YES;
				IPHONEOS_DEPLOYMENT_TARGET = 6.0;
				OTHER_CFLAGS = "-DNS_BLOCK_ASSERTIONS=1";
				SDKROOT = iphoneos;
				VALIDATE_PRODUCT = YES;
			};
			name = Release;
		};
		9AD59F841679489A00F3BABF /* Debug */ = {
			isa = XCBuildConfiguration;
			buildSettings = {
				GCC_PRECOMPILE_PREFIX_HEADER = YES;
				GCC_PREFIX_HEADER = "ClassOrganizer/ClassOrganizer-Prefix.pch";
				INFOPLIST_FILE = "ClassOrganizer/ClassOrganizer-Info.plist";
				PRODUCT_NAME = "$(TARGET_NAME)";
				WRAPPER_EXTENSION = app;
			};
			name = Debug;
		};
		9AD59F851679489A00F3BABF /* Release */ = {
			isa = XCBuildConfiguration;
			buildSettings = {
				GCC_PRECOMPILE_PREFIX_HEADER = YES;
				GCC_PREFIX_HEADER = "ClassOrganizer/ClassOrganizer-Prefix.pch";
				INFOPLIST_FILE = "ClassOrganizer/ClassOrganizer-Info.plist";
				PRODUCT_NAME = "$(TARGET_NAME)";
				WRAPPER_EXTENSION = app;
			};
			name = Release;
		};
		9AD59F871679489A00F3BABF /* Debug */ = {
			isa = XCBuildConfiguration;
			buildSettings = {
				BUNDLE_LOADER = "$(BUILT_PRODUCTS_DIR)/ClassOrganizer.app/ClassOrganizer";
				FRAMEWORK_SEARCH_PATHS = (
					"\"$(SDKROOT)/Developer/Library/Frameworks\"",
					"\"$(DEVELOPER_LIBRARY_DIR)/Frameworks\"",
				);
				GCC_PRECOMPILE_PREFIX_HEADER = YES;
				GCC_PREFIX_HEADER = "ClassOrganizer/ClassOrganizer-Prefix.pch";
				INFOPLIST_FILE = "ClassOrganizerTests/ClassOrganizerTests-Info.plist";
				PRODUCT_NAME = "$(TARGET_NAME)";
				TEST_HOST = "$(BUNDLE_LOADER)";
				WRAPPER_EXTENSION = octest;
			};
			name = Debug;
		};
		9AD59F881679489A00F3BABF /* Release */ = {
			isa = XCBuildConfiguration;
			buildSettings = {
				BUNDLE_LOADER = "$(BUILT_PRODUCTS_DIR)/ClassOrganizer.app/ClassOrganizer";
				FRAMEWORK_SEARCH_PATHS = (
					"\"$(SDKROOT)/Developer/Library/Frameworks\"",
					"\"$(DEVELOPER_LIBRARY_DIR)/Frameworks\"",
				);
				GCC_PRECOMPILE_PREFIX_HEADER = YES;
				GCC_PREFIX_HEADER = "ClassOrganizer/ClassOrganizer-Prefix.pch";
				INFOPLIST_FILE = "ClassOrganizerTests/ClassOrganizerTests-Info.plist";
				PRODUCT_NAME = "$(TARGET_NAME)";
				TEST_HOST = "$(BUNDLE_LOADER)";
				WRAPPER_EXTENSION = octest;
			};
			name = Release;
		};
/* End XCBuildConfiguration section */

/* Begin XCConfigurationList section */
		9AD59F441679489900F3BABF /* Build configuration list for PBXProject "ClassOrganizer" */ = {
			isa = XCConfigurationList;
			buildConfigurations = (
				9AD59F811679489A00F3BABF /* Debug */,
				9AD59F821679489A00F3BABF /* Release */,
			);
			defaultConfigurationIsVisible = 0;
			defaultConfigurationName = Release;
		};
		9AD59F831679489A00F3BABF /* Build configuration list for PBXNativeTarget "ClassOrganizer" */ = {
			isa = XCConfigurationList;
			buildConfigurations = (
				9AD59F841679489A00F3BABF /* Debug */,
				9AD59F851679489A00F3BABF /* Release */,
			);
			defaultConfigurationIsVisible = 0;
		};
		9AD59F861679489A00F3BABF /* Build configuration list for PBXNativeTarget "ClassOrganizerTests" */ = {
			isa = XCConfigurationList;
			buildConfigurations = (
				9AD59F871679489A00F3BABF /* Debug */,
				9AD59F881679489A00F3BABF /* Release */,
			);
			defaultConfigurationIsVisible = 0;
		};
/* End XCConfigurationList section */

/* Begin XCVersionGroup section */
		9AD59F681679489A00F3BABF /* ClassOrganizer.xcdatamodeld */ = {
			isa = XCVersionGroup;
			children = (
				9AD59F691679489A00F3BABF /* ClassOrganizer.xcdatamodel */,
			);
			currentVersion = 9AD59F691679489A00F3BABF /* ClassOrganizer.xcdatamodel */;
			path = ClassOrganizer.xcdatamodeld;
			sourceTree = "<group>";
			versionGroupType = wrapper.xcdatamodel;
		};
/* End XCVersionGroup section */
	};
	rootObject = 9AD59F411679489900F3BABF /* Project object */;
}
